
Microsoft Visual Studio Solution File, Format Version 12.00
Project("{FAE04EC0-301F-11D3-BF4B-00C04F79EFBC}") = "PipelineExecutor", "PipelineExecutor\PipelineExecutor.csproj", "{CEC8C556-15EB-465F-BD05-92455E48BA73}"
EndProject
Project("{FAE04EC0-301F-11D3-BF4B-00C04F79EFBC}") = "PipelineExecutorDemo", "PipelineExecutorDemo\PipelineExecutorDemo.csproj", "{27FD0238-DD11-41A8-BB3C-D5286E3A579E}"
EndProject
Global
	GlobalSection(SolutionConfigurationPlatforms) = preSolution
		Debug|Any CPU = Debug|Any CPU
		Release|Any CPU = Release|Any CPU
	EndGlobalSection
	GlobalSection(ProjectConfigurationPlatforms) = postSolution
		{CEC8C556-15EB-465F-BD05-92455E48BA73}.Debug|Any CPU.ActiveCfg = Debug|Any CPU
		{CEC8C556-15EB-465F-BD05-92455E48BA73}.Debug|Any CPU.Build.0 = Debug|Any CPU
		{CEC8C556-15EB-465F-BD05-92455E48BA73}.Release|Any CPU.ActiveCfg = Release|Any CPU
		{CEC8C556-15EB-465F-BD05-92455E48BA73}.Release|Any CPU.Build.0 = Release|Any CPU
		{27FD0238-DD11-41A8-BB3C-D5286E3A579E}.Debug|Any CPU.ActiveCfg = Debug|Any CPU
		{27FD0238-DD11-41A8-BB3C-D5286E3A579E}.Debug|Any CPU.Build.0 = Debug|Any CPU
		{27FD0238-DD11-41A8-BB3C-D5286E3A579E}.Release|Any CPU.ActiveCfg = Release|Any CPU
		{27FD0238-DD11-41A8-BB3C-D5286E3A579E}.Release|Any CPU.Build.0 = Release|Any CPU
	EndGlobalSection
EndGlobal
